// !$*UTF8*$!
{
	archiveVersion = 1;
	classes = {
	};
	objectVersion = 46;
	objects = {

/* Begin PBXBuildFile section */
		B9F718081D6DFE9C00D52AFA /* AppDelegate.swift in Sources */ = {isa = PBXBuildFile; fileRef = B9F718071D6DFE9C00D52AFA /* AppDelegate.swift */; };
		B9F7180A1D6DFE9C00D52AFA /* ViewController.swift in Sources */ = {isa = PBXBuildFile; fileRef = B9F718091D6DFE9C00D52AFA /* ViewController.swift */; };
		B9F7180D1D6DFE9C00D52AFA /* Main.storyboard in Resources */ = {isa = PBXBuildFile; fileRef = B9F7180B1D6DFE9C00D52AFA /* Main.storyboard */; };
		B9F7180F1D6DFE9C00D52AFA /* Assets.xcassets in Resources */ = {isa = PBXBuildFile; fileRef = B9F7180E1D6DFE9C00D52AFA /* Assets.xcassets */; };
		B9F718121D6DFE9C00D52AFA /* LaunchScreen.storyboard in Resources */ = {isa = PBXBuildFile; fileRef = B9F718101D6DFE9C00D52AFA /* LaunchScreen.storyboard */; };
		B9F7181D1D6DFE9D00D52AFA /* XMLTests.swift in Sources */ = {isa = PBXBuildFile; fileRef = B9F7181C1D6DFE9D00D52AFA /* XMLTests.swift */; };
		B9F718281D6DFE9D00D52AFA /* XMLUITests.swift in Sources */ = {isa = PBXBuildFile; fileRef = B9F718271D6DFE9D00D52AFA /* XMLUITests.swift */; };
		B9F718361D6E002900D52AFA /* XML.swift in Sources */ = {isa = PBXBuildFile; fileRef = B9F718351D6E002900D52AFA /* XML.swift */; };
		B9F718381D6E0BF400D52AFA /* books.xml in Resources */ = {isa = PBXBuildFile; fileRef = B9F718371D6E0BF400D52AFA /* books.xml */; };
/* End PBXBuildFile section */

/* Begin PBXContainerItemProxy section */
		B9F718191D6DFE9D00D52AFA /* PBXContainerItemProxy */ = {
			isa = PBXContainerItemProxy;
			containerPortal = B9F717FC1D6DFE9C00D52AFA /* Project object */;
			proxyType = 1;
			remoteGlobalIDString = B9F718031D6DFE9C00D52AFA;
			remoteInfo = XML;
		};
		B9F718241D6DFE9D00D52AFA /* PBXContainerItemProxy */ = {
			isa = PBXContainerItemProxy;
			containerPortal = B9F717FC1D6DFE9C00D52AFA /* Project object */;
			proxyType = 1;
			remoteGlobalIDString = B9F718031D6DFE9C00D52AFA;
			remoteInfo = XML;
		};
/* End PBXContainerItemProxy section */

/* Begin PBXFileReference section */
		B9F718041D6DFE9C00D52AFA /* XML.app */ = {isa = PBXFileReference; explicitFileType = wrapper.application; includeInIndex = 0; path = XML.app; sourceTree = BUILT_PRODUCTS_DIR; };
		B9F718071D6DFE9C00D52AFA /* AppDelegate.swift */ = {isa = PBXFileReference; lastKnownFileType = sourcecode.swift; path = AppDelegate.swift; sourceTree = "<group>"; };
		B9F718091D6DFE9C00D52AFA /* ViewController.swift */ = {isa = PBXFileReference; lastKnownFileType = sourcecode.swift; path = ViewController.swift; sourceTree = "<group>"; };
		B9F7180C1D6DFE9C00D52AFA /* Base */ = {isa = PBXFileReference; lastKnownFileType = file.storyboard; name = Base; path = Base.lproj/Main.storyboard; sourceTree = "<group>"; };
		B9F7180E1D6DFE9C00D52AFA /* Assets.xcassets */ = {isa = PBXFileReference; lastKnownFileType = folder.assetcatalog; path = Assets.xcassets; sourceTree = "<group>"; };
		B9F718111D6DFE9C00D52AFA /* Base */ = {isa = PBXFileReference; lastKnownFileType = file.storyboard; name = Base; path = Base.lproj/LaunchScreen.storyboard; sourceTree = "<group>"; };
		B9F718131D6DFE9C00D52AFA /* Info.plist */ = {isa = PBXFileReference; lastKnownFileType = text.plist.xml; path = Info.plist; sourceTree = "<group>"; };
		B9F718181D6DFE9D00D52AFA /* XMLTests.xctest */ = {isa = PBXFileReference; explicitFileType = wrapper.cfbundle; includeInIndex = 0; path = XMLTests.xctest; sourceTree = BUILT_PRODUCTS_DIR; };
		B9F7181C1D6DFE9D00D52AFA /* XMLTests.swift */ = {isa = PBXFileReference; lastKnownFileType = sourcecode.swift; path = XMLTests.swift; sourceTree = "<group>"; };
		B9F7181E1D6DFE9D00D52AFA /* Info.plist */ = {isa = PBXFileReference; lastKnownFileType = text.plist.xml; path = Info.plist; sourceTree = "<group>"; };
		B9F718231D6DFE9D00D52AFA /* XMLUITests.xctest */ = {isa = PBXFileReference; explicitFileType = wrapper.cfbundle; includeInIndex = 0; path = XMLUITests.xctest; sourceTree = BUILT_PRODUCTS_DIR; };
		B9F718271D6DFE9D00D52AFA /* XMLUITests.swift */ = {isa = PBXFileReference; lastKnownFileType = sourcecode.swift; path = XMLUITests.swift; sourceTree = "<group>"; };
		B9F718291D6DFE9D00D52AFA /* Info.plist */ = {isa = PBXFileReference; lastKnownFileType = text.plist.xml; path = Info.plist; sourceTree = "<group>"; };
		B9F718351D6E002900D52AFA /* XML.swift */ = {isa = PBXFileReference; fileEncoding = 4; lastKnownFileType = sourcecode.swift; path = XML.swift; sourceTree = "<group>"; };
		B9F718371D6E0BF400D52AFA /* books.xml */ = {isa = PBXFileReference; fileEncoding = 4; lastKnownFileType = text.xml; path = books.xml; sourceTree = "<group>"; };
/* End PBXFileReference section */

/* Begin PBXFrameworksBuildPhase section */
		B9F718011D6DFE9C00D52AFA /* Frameworks */ = {
			isa = PBXFrameworksBuildPhase;
			buildActionMask = 2147483647;
			files = (
			);
			runOnlyForDeploymentPostprocessing = 0;
		};
		B9F718151D6DFE9D00D52AFA /* Frameworks */ = {
			isa = PBXFrameworksBuildPhase;
			buildActionMask = 2147483647;
			files = (
			);
			runOnlyForDeploymentPostprocessing = 0;
		};
		B9F718201D6DFE9D00D52AFA /* Frameworks */ = {
			isa = PBXFrameworksBuildPhase;
			buildActionMask = 2147483647;
			files = (
			);
			runOnlyForDeploymentPostprocessing = 0;
		};
/* End PBXFrameworksBuildPhase section */

/* Begin PBXGroup section */
		B9F717FB1D6DFE9C00D52AFA = {
			isa = PBXGroup;
			children = (
				B9F718061D6DFE9C00D52AFA /* XML */,
				B9F7181B1D6DFE9D00D52AFA /* XMLTests */,
				B9F718261D6DFE9D00D52AFA /* XMLUITests */,
				B9F718051D6DFE9C00D52AFA /* Products */,
			);
			sourceTree = "<group>";
		};
		B9F718051D6DFE9C00D52AFA /* Products */ = {
			isa = PBXGroup;
			children = (
				B9F718041D6DFE9C00D52AFA /* XML.app */,
				B9F718181D6DFE9D00D52AFA /* XMLTests.xctest */,
				B9F718231D6DFE9D00D52AFA /* XMLUITests.xctest */,
			);
			name = Products;
			sourceTree = "<group>";
		};
		B9F718061D6DFE9C00D52AFA /* XML */ = {
			isa = PBXGroup;
			children = (
				B9F718371D6E0BF400D52AFA /* books.xml */,
				B9F718071D6DFE9C00D52AFA /* AppDelegate.swift */,
				B9F718091D6DFE9C00D52AFA /* ViewController.swift */,
				B9F7180B1D6DFE9C00D52AFA /* Main.storyboard */,
				B9F7180E1D6DFE9C00D52AFA /* Assets.xcassets */,
				B9F718101D6DFE9C00D52AFA /* LaunchScreen.storyboard */,
				B9F718131D6DFE9C00D52AFA /* Info.plist */,
				B9F718351D6E002900D52AFA /* XML.swift */,
			);
			path = XML;
			sourceTree = "<group>";
		};
		B9F7181B1D6DFE9D00D52AFA /* XMLTests */ = {
			isa = PBXGroup;
			children = (
				B9F7181C1D6DFE9D00D52AFA /* XMLTests.swift */,
				B9F7181E1D6DFE9D00D52AFA /* Info.plist */,
			);
			path = XMLTests;
			sourceTree = "<group>";
		};
		B9F718261D6DFE9D00D52AFA /* XMLUITests */ = {
			isa = PBXGroup;
			children = (
				B9F718271D6DFE9D00D52AFA /* XMLUITests.swift */,
				B9F718291D6DFE9D00D52AFA /* Info.plist */,
			);
			path = XMLUITests;
			sourceTree = "<group>";
		};
/* End PBXGroup section */

/* Begin PBXNativeTarget section */
		B9F718031D6DFE9C00D52AFA /* XML */ = {
			isa = PBXNativeTarget;
			buildConfigurationList = B9F7182C1D6DFE9D00D52AFA /* Build configuration list for PBXNativeTarget "XML" */;
			buildPhases = (
				B9F718001D6DFE9C00D52AFA /* Sources */,
				B9F718011D6DFE9C00D52AFA /* Frameworks */,
				B9F718021D6DFE9C00D52AFA /* Resources */,
			);
			buildRules = (
			);
			dependencies = (
			);
			name = XML;
			productName = XML;
			productReference = B9F718041D6DFE9C00D52AFA /* XML.app */;
			productType = "com.apple.product-type.application";
		};
		B9F718171D6DFE9D00D52AFA /* XMLTests */ = {
			isa = PBXNativeTarget;
			buildConfigurationList = B9F7182F1D6DFE9D00D52AFA /* Build configuration list for PBXNativeTarget "XMLTests" */;
			buildPhases = (
				B9F718141D6DFE9D00D52AFA /* Sources */,
				B9F718151D6DFE9D00D52AFA /* Frameworks */,
				B9F718161D6DFE9D00D52AFA /* Resources */,
			);
			buildRules = (
			);
			dependencies = (
				B9F7181A1D6DFE9D00D52AFA /* PBXTargetDependency */,
			);
			name = XMLTests;
			productName = XMLTests;
			productReference = B9F718181D6DFE9D00D52AFA /* XMLTests.xctest */;
			productType = "com.apple.product-type.bundle.unit-test";
		};
		B9F718221D6DFE9D00D52AFA /* XMLUITests */ = {
			isa = PBXNativeTarget;
			buildConfigurationList = B9F718321D6DFE9D00D52AFA /* Build configuration list for PBXNativeTarget "XMLUITests" */;
			buildPhases = (
				B9F7181F1D6DFE9D00D52AFA /* Sources */,
				B9F718201D6DFE9D00D52AFA /* Frameworks */,
				B9F718211D6DFE9D00D52AFA /* Resources */,
			);
			buildRules = (
			);
			dependencies = (
				B9F718251D6DFE9D00D52AFA /* PBXTargetDependency */,
			);
			name = XMLUITests;
			productName = XMLUITests;
			productReference = B9F718231D6DFE9D00D52AFA /* XMLUITests.xctest */;
			productType = "com.apple.product-type.bundle.ui-testing";
		};
/* End PBXNativeTarget section */

/* Begin PBXProject section */
		B9F717FC1D6DFE9C00D52AFA /* Project object */ = {
			isa = PBXProject;
			attributes = {
				LastSwiftUpdateCheck = 0800;
				LastUpgradeCheck = 0900;
				ORGANIZATIONNAME = interactivecoconut;
				TargetAttributes = {
					B9F718031D6DFE9C00D52AFA = {
						CreatedOnToolsVersion = 8.0;
						DevelopmentTeam = 5M6U4VTSB8;
						LastSwiftMigration = 0900;
						ProvisioningStyle = Automatic;
					};
					B9F718171D6DFE9D00D52AFA = {
						CreatedOnToolsVersion = 8.0;
						DevelopmentTeam = 5M6U4VTSB8;
						LastSwiftMigration = 0900;
						ProvisioningStyle = Automatic;
						TestTargetID = B9F718031D6DFE9C00D52AFA;
					};
					B9F718221D6DFE9D00D52AFA = {
						CreatedOnToolsVersion = 8.0;
						DevelopmentTeam = 5M6U4VTSB8;
						LastSwiftMigration = 0900;
						ProvisioningStyle = Automatic;
						TestTargetID = B9F718031D6DFE9C00D52AFA;
					};
				};
			};
			buildConfigurationList = B9F717FF1D6DFE9C00D52AFA /* Build configuration list for PBXProject "XML" */;
			compatibilityVersion = "Xcode 3.2";
			developmentRegion = English;
			hasScannedForEncodings = 0;
			knownRegions = (
				en,
				Base,
			);
			mainGroup = B9F717FB1D6DFE9C00D52AFA;
			productRefGroup = B9F718051D6DFE9C00D52AFA /* Products */;
			projectDirPath = "";
			projectRoot = "";
			targets = (
				B9F718031D6DFE9C00D52AFA /* XML */,
				B9F718171D6DFE9D00D52AFA /* XMLTests */,
				B9F718221D6DFE9D00D52AFA /* XMLUITests */,
			);
		};
/* End PBXProject section */

/* Begin PBXResourcesBuildPhase section */
		B9F718021D6DFE9C00D52AFA /* Resources */ = {
			isa = PBXResourcesBuildPhase;
			buildActionMask = 2147483647;
			files = (
				B9F718121D6DFE9C00D52AFA /* LaunchScreen.storyboard in Resources */,
				B9F7180F1D6DFE9C00D52AFA /* Assets.xcassets in Resources */,
				B9F7180D1D6DFE9C00D52AFA /* Main.storyboard in Resources */,
				B9F718381D6E0BF400D52AFA /* books.xml in Resources */,
			);
			runOnlyForDeploymentPostprocessing = 0;
		};
		B9F718161D6DFE9D00D52AFA /* Resources */ = {
			isa = PBXResourcesBuildPhase;
			buildActionMask = 2147483647;
			files = (
			);
			runOnlyForDeploymentPostprocessing = 0;
		};
		B9F718211D6DFE9D00D52AFA /* Resources */ = {
			isa = PBXResourcesBuildPhase;
			buildActionMask = 2147483647;
			files = (
			);
			runOnlyForDeploymentPostprocessing = 0;
		};
/* End PBXResourcesBuildPhase section */

/* Begin PBXSourcesBuildPhase section */
		B9F718001D6DFE9C00D52AFA /* Sources */ = {
			isa = PBXSourcesBuildPhase;
			buildActionMask = 2147483647;
			files = (
				B9F7180A1D6DFE9C00D52AFA /* ViewController.swift in Sources */,
				B9F718361D6E002900D52AFA /* XML.swift in Sources */,
				B9F718081D6DFE9C00D52AFA /* AppDelegate.swift in Sources */,
			);
			runOnlyForDeploymentPostprocessing = 0;
		};
		B9F718141D6DFE9D00D52AFA /* Sources */ = {
			isa = PBXSourcesBuildPhase;
			buildActionMask = 2147483647;
			files = (
				B9F7181D1D6DFE9D00D52AFA /* XMLTests.swift in Sources */,
			);
			runOnlyForDeploymentPostprocessing = 0;
		};
		B9F7181F1D6DFE9D00D52AFA /* Sources */ = {
			isa = PBXSourcesBuildPhase;
			buildActionMask = 2147483647;
			files = (
				B9F718281D6DFE9D00D52AFA /* XMLUITests.swift in Sources */,
			);
			runOnlyForDeploymentPostprocessing = 0;
		};
/* End PBXSourcesBuildPhase section */

/* Begin PBXTargetDependency section */
		B9F7181A1D6DFE9D00D52AFA /* PBXTargetDependency */ = {
			isa = PBXTargetDependency;
			target = B9F718031D6DFE9C00D52AFA /* XML */;
			targetProxy = B9F718191D6DFE9D00D52AFA /* PBXContainerItemProxy */;
		};
		B9F718251D6DFE9D00D52AFA /* PBXTargetDependency */ = {
			isa = PBXTargetDependency;
			target = B9F718031D6DFE9C00D52AFA /* XML */;
			targetProxy = B9F718241D6DFE9D00D52AFA /* PBXContainerItemProxy */;
		};
/* End PBXTargetDependency section */

/* Begin PBXVariantGroup section */
		B9F7180B1D6DFE9C00D52AFA /* Main.storyboard */ = {
			isa = PBXVariantGroup;
			children = (
				B9F7180C1D6DFE9C00D52AFA /* Base */,
			);
			name = Main.storyboard;
			sourceTree = "<group>";
		};
		B9F718101D6DFE9C00D52AFA /* LaunchScreen.storyboard */ = {
			isa = PBXVariantGroup;
			children = (
				B9F718111D6DFE9C00D52AFA /* Base */,
			);
			name = LaunchScreen.storyboard;
			sourceTree = "<group>";
		};
/* End PBXVariantGroup section */

/* Begin XCBuildConfiguration section */
		B9F7182A1D6DFE9D00D52AFA /* Debug */ = {
			isa = XCBuildConfiguration;
			buildSettings = {
				ALWAYS_SEARCH_USER_PATHS = NO;
				CLANG_ANALYZER_NONNULL = YES;
				CLANG_CXX_LANGUAGE_STANDARD = "gnu++0x";
				CLANG_CXX_LIBRARY = "libc++";
				CLANG_ENABLE_MODULES = YES;
				CLANG_ENABLE_OBJC_ARC = YES;
				CLANG_WARN_BLOCK_CAPTURE_AUTORELEASING = YES;
				CLANG_WARN_BOOL_CONVERSION = YES;
				CLANG_WARN_COMMA = YES;
				CLANG_WARN_CONSTANT_CONVERSION = YES;
				CLANG_WARN_DIRECT_OBJC_ISA_USAGE = YES_ERROR;
				CLANG_WARN_DOCUMENTATION_COMMENTS = YES;
				CLANG_WARN_EMPTY_BODY = YES;
				CLANG_WARN_ENUM_CONVERSION = YES;
				CLANG_WARN_INFINITE_RECURSION = YES;
				CLANG_WARN_INT_CONVERSION = YES;
				CLANG_WARN_NON_LITERAL_NULL_CONVERSION = YES;
				CLANG_WARN_OBJC_LITERAL_CONVERSION = YES;
				CLANG_WARN_OBJC_ROOT_CLASS = YES_ERROR;
				CLANG_WARN_RANGE_LOOP_ANALYSIS = YES;
				CLANG_WARN_STRICT_PROTOTYPES = YES;
				CLANG_WARN_SUSPICIOUS_MOVE = YES;
				CLANG_WARN_SUSPICIOUS_MOVES = YES;
				CLANG_WARN_UNREACHABLE_CODE = YES;
				CLANG_WARN__DUPLICATE_METHOD_MATCH = YES;
				"CODE_SIGN_IDENTITY[sdk=iphoneos*]" = "iPhone Developer";
				COPY_PHASE_STRIP = NO;
				DEBUG_INFORMATION_FORMAT = dwarf;
				ENABLE_STRICT_OBJC_MSGSEND = YES;
				ENABLE_TESTABILITY = YES;
				GCC_C_LANGUAGE_STANDARD = gnu99;
				GCC_DYNAMIC_NO_PIC = NO;
				GCC_NO_COMMON_BLOCKS = YES;
				GCC_OPTIMIZATION_LEVEL = 0;
				GCC_PREPROCESSOR_DEFINITIONS = (
					"DEBUG=1",
					"$(inherited)",
				);
				GCC_WARN_64_TO_32_BIT_CONVERSION = YES;
				GCC_WARN_ABOUT_RETURN_TYPE = YES_ERROR;
				GCC_WARN_UNDECLARED_SELECTOR = YES;
				GCC_WARN_UNINITIALIZED_AUTOS = YES_AGGRESSIVE;
				GCC_WARN_UNUSED_FUNCTION = YES;
				GCC_WARN_UNUSED_VARIABLE = YES;
				IPHONEOS_DEPLOYMENT_TARGET = 10.0;
				MTL_ENABLE_DEBUG_INFO = YES;
				ONLY_ACTIVE_ARCH = YES;
				SDKROOT = iphoneos;
				SWIFT_ACTIVE_COMPILATION_CONDITIONS = DEBUG;
				SWIFT_OPTIMIZATION_LEVEL = "-Onone";
				TARGETED_DEVICE_FAMILY = "1,2";
			};
			name = Debug;
		};
		B9F7182B1D6DFE9D00D52AFA /* Release */ = {
			isa = XCBuildConfiguration;
			buildSettings = {
				ALWAYS_SEARCH_USER_PATHS = NO;
				CLANG_ANALYZER_NONNULL = YES;
				CLANG_CXX_LANGUAGE_STANDARD = "gnu++0x";
				CLANG_CXX_LIBRARY = "libc++";
				CLANG_ENABLE_MODULES = YES;
				CLANG_ENABLE_OBJC_ARC = YES;
				CLANG_WARN_BLOCK_CAPTURE_AUTORELEASING = YES;
				CLANG_WARN_BOOL_CONVERSION = YES;
				CLANG_WARN_COMMA = YES;
				CLANG_WARN_CONSTANT_CONVERSION = YES;
				CLANG_WARN_DIRECT_OBJC_ISA_USAGE = YES_ERROR;
				CLANG_WARN_DOCUMENTATION_COMMENTS = YES;
				CLANG_WARN_EMPTY_BODY = YES;
				CLANG_WARN_ENUM_CONVERSION = YES;
				CLANG_WARN_INFINITE_RECURSION = YES;
				CLANG_WARN_INT_CONVERSION = YES;
				CLANG_WARN_NON_LITERAL_NULL_CONVERSION = YES;
				CLANG_WARN_OBJC_LITERAL_CONVERSION = YES;
				CLANG_WARN_OBJC_ROOT_CLASS = YES_ERROR;
				CLANG_WARN_RANGE_LOOP_ANALYSIS = YES;
				CLANG_WARN_STRICT_PROTOTYPES = YES;
				CLANG_WARN_SUSPICIOUS_MOVE = YES;
				CLANG_WARN_SUSPICIOUS_MOVES = YES;
				CLANG_WARN_UNREACHABLE_CODE = YES;
				CLANG_WARN__DUPLICATE_METHOD_MATCH = YES;
				"CODE_SIGN_IDENTITY[sdk=iphoneos*]" = "iPhone Developer";
				COPY_PHASE_STRIP = NO;
				DEBUG_INFORMATION_FORMAT = "dwarf-with-dsym";
				ENABLE_NS_ASSERTIONS = NO;
				ENABLE_STRICT_OBJC_MSGSEND = YES;
				GCC_C_LANGUAGE_STANDARD = gnu99;
				GCC_NO_COMMON_BLOCKS = YES;
				GCC_WARN_64_TO_32_BIT_CONVERSION = YES;
				GCC_WARN_ABOUT_RETURN_TYPE = YES_ERROR;
				GCC_WARN_UNDECLARED_SELECTOR = YES;
				GCC_WARN_UNINITIALIZED_AUTOS = YES_AGGRESSIVE;
				GCC_WARN_UNUSED_FUNCTION = YES;
				GCC_WARN_UNUSED_VARIABLE = YES;
				IPHONEOS_DEPLOYMENT_TARGET = 10.0;
				MTL_ENABLE_DEBUG_INFO = NO;
				SDKROOT = iphoneos;
				SWIFT_OPTIMIZATION_LEVEL = "-Owholemodule";
				TARGETED_DEVICE_FAMILY = "1,2";
				VALIDATE_PRODUCT = YES;
			};
			name = Release;
		};
		B9F7182D1D6DFE9D00D52AFA /* Debug */ = {
			isa = XCBuildConfiguration;
			buildSettings = {
				ASSETCATALOG_COMPILER_APPICON_NAME = AppIcon;
				DEVELOPMENT_TEAM = 5M6U4VTSB8;
				INFOPLIST_FILE = XML/Info.plist;
				LD_RUNPATH_SEARCH_PATHS = "$(inherited) @executable_path/Frameworks";
				PRODUCT_BUNDLE_IDENTIFIER = com.interactivecoconut.XML;
				PRODUCT_NAME = "$(TARGET_NAME)";
				SWIFT_SWIFT3_OBJC_INFERENCE = Default;
				SWIFT_VERSION = 4.0;
			};
			name = Debug;
		};
		B9F7182E1D6DFE9D00D52AFA /* Release */ = {
			isa = XCBuildConfiguration;
			buildSettings = {
				ASSETCATALOG_COMPILER_APPICON_NAME = AppIcon;
				DEVELOPMENT_TEAM = 5M6U4VTSB8;
				INFOPLIST_FILE = XML/Info.plist;
				LD_RUNPATH_SEARCH_PATHS = "$(inherited) @executable_path/Frameworks";
				PRODUCT_BUNDLE_IDENTIFIER = com.interactivecoconut.XML;
				PRODUCT_NAME = "$(TARGET_NAME)";
				SWIFT_SWIFT3_OBJC_INFERENCE = Default;
				SWIFT_VERSION = 4.0;
			};
			name = Release;
		};
		B9F718301D6DFE9D00D52AFA /* Debug */ = {
			isa = XCBuildConfiguration;
			buildSettings = {
				ALWAYS_EMBED_SWIFT_STANDARD_LIBRARIES = YES;
				BUNDLE_LOADER = "$(TEST_HOST)";
				DEVELOPMENT_TEAM = 5M6U4VTSB8;
				INFOPLIST_FILE = XMLTests/Info.plist;
				LD_RUNPATH_SEARCH_PATHS = "$(inherited) @executable_path/Frameworks @loader_path/Frameworks";
				PRODUCT_BUNDLE_IDENTIFIER = com.interactivecoconut.XMLTests;
				PRODUCT_NAME = "$(TARGET_NAME)";
				SWIFT_SWIFT3_OBJC_INFERENCE = Default;
				SWIFT_VERSION = 4.0;
				TEST_HOST = "$(BUILT_PRODUCTS_DIR)/XML.app/XML";
			};
			name = Debug;
		};
		B9F718311D6DFE9D00D52AFA /* Release */ = {
			isa = XCBuildConfiguration;
			buildSettings = {
				ALWAYS_EMBED_SWIFT_STANDARD_LIBRARIES = YES;
				BUNDLE_LOADER = "$(TEST_HOST)";
				DEVELOPMENT_TEAM = 5M6U4VTSB8;
				INFOPLIST_FILE = XMLTests/Info.plist;
				LD_RUNPATH_SEARCH_PATHS = "$(inherited) @executable_path/Frameworks @loader_path/Frameworks";
				PRODUCT_BUNDLE_IDENTIFIER = com.interactivecoconut.XMLTests;
				PRODUCT_NAME = "$(TARGET_NAME)";
				SWIFT_SWIFT3_OBJC_INFERENCE = Default;
				SWIFT_VERSION = 4.0;
				TEST_HOST = "$(BUILT_PRODUCTS_DIR)/XML.app/XML";
			};
			name = Release;
		};
		B9F718331D6DFE9D00D52AFA /* Debug */ = {
			isa = XCBuildConfiguration;
			buildSettings = {
				ALWAYS_EMBED_SWIFT_STANDARD_LIBRARIES = YES;
				DEVELOPMENT_TEAM = 5M6U4VTSB8;
				INFOPLIST_FILE = XMLUITests/Info.plist;
				LD_RUNPATH_SEARCH_PATHS = "$(inherited) @executable_path/Frameworks @loader_path/Frameworks";
				PRODUCT_BUNDLE_IDENTIFIER = com.interactivecoconut.XMLUITests;
				PRODUCT_NAME = "$(TARGET_NAME)";
				SWIFT_SWIFT3_OBJC_INFERENCE = Default;
				SWIFT_VERSION = 4.0;
				TEST_TARGET_NAME = XML;
			};
			name = Debug;
		};
		B9F718341D6DFE9D00D52AFA /* Release */ = {
			isa = XCBuildConfiguration;
			buildSettings = {
				ALWAYS_EMBED_SWIFT_STANDARD_LIBRARIES = YES;
				DEVELOPMENT_TEAM = 5M6U4VTSB8;
				INFOPLIST_FILE = XMLUITests/Info.plist;
				LD_RUNPATH_SEARCH_PATHS = "$(inherited) @executable_path/Frameworks @loader_path/Frameworks";
				PRODUCT_BUNDLE_IDENTIFIER = com.interactivecoconut.XMLUITests;
				PRODUCT_NAME = "$(TARGET_NAME)";
				SWIFT_SWIFT3_OBJC_INFERENCE = Default;
				SWIFT_VERSION = 4.0;
				TEST_TARGET_NAME = XML;
			};
			name = Release;
		};
/* End XCBuildConfiguration section */

/* Begin XCConfigurationList section */
		B9F717FF1D6DFE9C00D52AFA /* Build configuration list for PBXProject "XML" */ = {
			isa = XCConfigurationList;
			buildConfigurations = (
				B9F7182A1D6DFE9D00D52AFA /* Debug */,
				B9F7182B1D6DFE9D00D52AFA /* Release */,
			);
			defaultConfigurationIsVisible = 0;
			defaultConfigurationName = Release;
		};
		B9F7182C1D6DFE9D00D52AFA /* Build configuration list for PBXNativeTarget "XML" */ = {
			isa = XCConfigurationList;
			buildConfigurations = (
				B9F7182D1D6DFE9D00D52AFA /* Debug */,
				B9F7182E1D6DFE9D00D52AFA /* Release */,
			);
			defaultConfigurationIsVisible = 0;
			defaultConfigurationName = Release;
		};
		B9F7182F1D6DFE9D00D52AFA /* Build configuration list for PBXNativeTarget "XMLTests" */ = {
			isa = XCConfigurationList;
			buildConfigurations = (
				B9F718301D6DFE9D00D52AFA /* Debug */,
				B9F718311D6DFE9D00D52AFA /* Release */,
			);
			defaultConfigurationIsVisible = 0;
			defaultConfigurationName = Release;
		};
		B9F718321D6DFE9D00D52AFA /* Build configuration list for PBXNativeTarget "XMLUITests" */ = {
			isa = XCConfigurationList;
			buildConfigurations = (
				B9F718331D6DFE9D00D52AFA /* Debug */,
				B9F718341D6DFE9D00D52AFA /* Release */,
			);
			defaultConfigurationIsVisible = 0;
			defaultConfigurationName = Release;
		};
/* End XCConfigurationList section */
	};
	rootObject = B9F717FC1D6DFE9C00D52AFA /* Project object */;
}
